
Microsoft Visual Studio Solution File, Format Version 12.00
# Visual Studio 15
VisualStudioVersion = 15.0.28307.271
MinimumVisualStudioVersion = 10.0.40219.1
Project("{FAE04EC0-301F-11D3-BF4B-00C04F79EFBC}") = "TreeGeneric.Model", "TreeGeneric.Model\TreeGeneric.Model.csproj", "{E9B59841-025C-41AD-9D17-9543BD87C06E}"
EndProject
Project("{FAE04EC0-301F-11D3-BF4B-00C04F79EFBC}") = "TreeGeneric.Data", "TreeGeneric.Data\TreeGeneric.Data.csproj", "{F964B790-5A4F-4AA2-95B8-DBD95E179575}"
EndProject
Project("{FAE04EC0-301F-11D3-BF4B-00C04F79EFBC}") = "TreeGeneric.BussinessLogic", "TreeGeneric.BussinessLogic\TreeGeneric.BussinessLogic.csproj", "{6681DBD0-A0A2-4FAB-AAC6-2D0002AB268A}"
EndProject
Project("{FAE04EC0-301F-11D3-BF4B-00C04F79EFBC}") = "TreeGeneric.UI", "TreeGeneric.UI\TreeGeneric.UI.csproj", "{4D2EF0B2-9D0E-4CF9-BF5A-1A07358C71C9}"
EndProject
Global
	GlobalSection(SolutionConfigurationPlatforms) = preSolution
		Debug|Any CPU = Debug|Any CPU
		Release|Any CPU = Release|Any CPU
	EndGlobalSection
	GlobalSection(ProjectConfigurationPlatforms) = postSolution
		{E9B59841-025C-41AD-9D17-9543BD87C06E}.Debug|Any CPU.ActiveCfg = Debug|Any CPU
		{E9B59841-025C-41AD-9D17-9543BD87C06E}.Debug|Any CPU.Build.0 = Debug|Any CPU
		{E9B59841-025C-41AD-9D17-9543BD87C06E}.Release|Any CPU.ActiveCfg = Release|Any CPU
		{E9B59841-025C-41AD-9D17-9543BD87C06E}.Release|Any CPU.Build.0 = Release|Any CPU
		{F964B790-5A4F-4AA2-95B8-DBD95E179575}.Debug|Any CPU.ActiveCfg = Debug|Any CPU
		{F964B790-5A4F-4AA2-95B8-DBD95E179575}.Debug|Any CPU.Build.0 = Debug|Any CPU
		{F964B790-5A4F-4AA2-95B8-DBD95E179575}.Release|Any CPU.ActiveCfg = Release|Any CPU
		{F964B790-5A4F-4AA2-95B8-DBD95E179575}.Release|Any CPU.Build.0 = Release|Any CPU
		{6681DBD0-A0A2-4FAB-AAC6-2D0002AB268A}.Debug|Any CPU.ActiveCfg = Debug|Any CPU
		{6681DBD0-A0A2-4FAB-AAC6-2D0002AB268A}.Debug|Any CPU.Build.0 = Debug|Any CPU
		{6681DBD0-A0A2-4FAB-AAC6-2D0002AB268A}.Release|Any CPU.ActiveCfg = Release|Any CPU
		{6681DBD0-A0A2-4FAB-AAC6-2D0002AB268A}.Release|Any CPU.Build.0 = Release|Any CPU
		{4D2EF0B2-9D0E-4CF9-BF5A-1A07358C71C9}.Debug|Any CPU.ActiveCfg = Debug|Any CPU
		{4D2EF0B2-9D0E-4CF9-BF5A-1A07358C71C9}.Debug|Any CPU.Build.0 = Debug|Any CPU
		{4D2EF0B2-9D0E-4CF9-BF5A-1A07358C71C9}.Release|Any CPU.ActiveCfg = Release|Any CPU
		{4D2EF0B2-9D0E-4CF9-BF5A-1A07358C71C9}.Release|Any CPU.Build.0 = Release|Any CPU
	EndGlobalSection
	GlobalSection(SolutionProperties) = preSolution
		HideSolutionNode = FALSE
	EndGlobalSection
	GlobalSection(ExtensibilityGlobals) = postSolution
		SolutionGuid = {CAF4C60D-E17D-44DF-983C-B0E47D505449}
	EndGlobalSection
EndGlobal
